
Microsoft Visual Studio Solution File, Format Version 12.00
# Visual Studio Version 16
VisualStudioVersion = 16.0.31624.102
MinimumVisualStudioVersion = 10.0.40219.1
Project("{9A19103F-16F7-4668-BE54-9A1E7A4F7556}") = "meth", "meth\meth.csproj", "{BE78B9F4-BD18-48E4-A295-8D660C31A960}"
EndProject
Project("{9A19103F-16F7-4668-BE54-9A1E7A4F7556}") = "meth2", "meth2\meth2.csproj", "{93BDD00D-EABC-46FA-95F6-2865157941EA}"
EndProject
Project("{FAE04EC0-301F-11D3-BF4B-00C04F79EFBC}") = "meth3", "meth3\meth3.csproj", "{E87C130B-822F-4D3E-9619-17B665FFD1AD}"
EndProject
Project("{FAE04EC0-301F-11D3-BF4B-00C04F79EFBC}") = "meth4", "meth4\meth4.csproj", "{C7CEAE3F-D7D8-44C9-AC2F-5D779459D2CB}"
EndProject
Project("{FAE04EC0-301F-11D3-BF4B-00C04F79EFBC}") = "meth5", "meth5\meth5.csproj", "{70F83505-7F67-498C-9DC9-407B5950F49F}"
EndProject
Global
	GlobalSection(SolutionConfigurationPlatforms) = preSolution
		Debug|Any CPU = Debug|Any CPU
		Release|Any CPU = Release|Any CPU
	EndGlobalSection
	GlobalSection(ProjectConfigurationPlatforms) = postSolution
		{BE78B9F4-BD18-48E4-A295-8D660C31A960}.Debug|Any CPU.ActiveCfg = Debug|Any CPU
		{BE78B9F4-BD18-48E4-A295-8D660C31A960}.Debug|Any CPU.Build.0 = Debug|Any CPU
		{BE78B9F4-BD18-48E4-A295-8D660C31A960}.Release|Any CPU.ActiveCfg = Release|Any CPU
		{BE78B9F4-BD18-48E4-A295-8D660C31A960}.Release|Any CPU.Build.0 = Release|Any CPU
		{93BDD00D-EABC-46FA-95F6-2865157941EA}.Debug|Any CPU.ActiveCfg = Debug|Any CPU
		{93BDD00D-EABC-46FA-95F6-2865157941EA}.Debug|Any CPU.Build.0 = Debug|Any CPU
		{93BDD00D-EABC-46FA-95F6-2865157941EA}.Release|Any CPU.ActiveCfg = Release|Any CPU
		{93BDD00D-EABC-46FA-95F6-2865157941EA}.Release|Any CPU.Build.0 = Release|Any CPU
		{E87C130B-822F-4D3E-9619-17B665FFD1AD}.Debug|Any CPU.ActiveCfg = Debug|Any CPU
		{E87C130B-822F-4D3E-9619-17B665FFD1AD}.Debug|Any CPU.Build.0 = Debug|Any CPU
		{E87C130B-822F-4D3E-9619-17B665FFD1AD}.Release|Any CPU.ActiveCfg = Release|Any CPU
		{E87C130B-822F-4D3E-9619-17B665FFD1AD}.Release|Any CPU.Build.0 = Release|Any CPU
		{C7CEAE3F-D7D8-44C9-AC2F-5D779459D2CB}.Debug|Any CPU.ActiveCfg = Debug|Any CPU
		{C7CEAE3F-D7D8-44C9-AC2F-5D779459D2CB}.Debug|Any CPU.Build.0 = Debug|Any CPU
		{C7CEAE3F-D7D8-44C9-AC2F-5D779459D2CB}.Release|Any CPU.ActiveCfg = Release|Any CPU
		{C7CEAE3F-D7D8-44C9-AC2F-5D779459D2CB}.Release|Any CPU.Build.0 = Release|Any CPU
		{70F83505-7F67-498C-9DC9-407B5950F49F}.Debug|Any CPU.ActiveCfg = Debug|Any CPU
		{70F83505-7F67-498C-9DC9-407B5950F49F}.Debug|Any CPU.Build.0 = Debug|Any CPU
		{70F83505-7F67-498C-9DC9-407B5950F49F}.Release|Any CPU.ActiveCfg = Release|Any CPU
		{70F83505-7F67-498C-9DC9-407B5950F49F}.Release|Any CPU.Build.0 = Release|Any CPU
	EndGlobalSection
	GlobalSection(SolutionProperties) = preSolution
		HideSolutionNode = FALSE
	EndGlobalSection
	GlobalSection(ExtensibilityGlobals) = postSolution
		SolutionGuid = {74720827-0A18-44FC-A4E2-9F380D88AE6B}
	EndGlobalSection
EndGlobal
